
Microsoft Visual Studio Solution File, Format Version 9.00
# Visual Studio 2005
Project("{E24C65DC-7377-472B-9ABA-BC803B73C61A}") = "C:\...\EncuestasAdmin\", ".", "{453A0026-C7B6-4095-8E71-6C35B7F3AF79}"
	ProjectSection(WebsiteProperties) = preProject
		Debug.AspNetCompiler.VirtualPath = "/EncuestasAdmin"
		Debug.AspNetCompiler.PhysicalPath = "..\EncuestasAdmin\"
		Debug.AspNetCompiler.TargetPath = "PrecompiledWeb\EncuestasAdmin\"
		Debug.AspNetCompiler.Updateable = "true"
		Debug.AspNetCompiler.ForceOverwrite = "true"
		Debug.AspNetCompiler.FixedNames = "false"
		Debug.AspNetCompiler.Debug = "True"
		Release.AspNetCompiler.VirtualPath = "/EncuestasAdmin"
		Release.AspNetCompiler.PhysicalPath = "..\EncuestasAdmin\"
		Release.AspNetCompiler.TargetPath = "PrecompiledWeb\EncuestasAdmin\"
		Release.AspNetCompiler.Updateable = "true"
		Release.AspNetCompiler.ForceOverwrite = "true"
		Release.AspNetCompiler.FixedNames = "false"
		Release.AspNetCompiler.Debug = "False"
		VWDPort = "40837"
		DefaultWebSiteLanguage = "Visual C#"
	EndProjectSection
EndProject
Global
	GlobalSection(SolutionConfigurationPlatforms) = preSolution
		Debug|.NET = Debug|.NET
	EndGlobalSection
	GlobalSection(ProjectConfigurationPlatforms) = postSolution
		{453A0026-C7B6-4095-8E71-6C35B7F3AF79}.Debug|.NET.ActiveCfg = Debug|.NET
		{453A0026-C7B6-4095-8E71-6C35B7F3AF79}.Debug|.NET.Build.0 = Debug|.NET
	EndGlobalSection
	GlobalSection(SolutionProperties) = preSolution
		HideSolutionNode = FALSE
	EndGlobalSection
EndGlobal
